{
    "name": "daily-polls",
    "version": "1.0.0",
    "lockfileVersion": 2,
    "requires": true,
    "packages": {
        "": {
            "name": "daily-polls",
            "version": "1.0.0",
            "dependencies": {
                "cron": "^4.1.0",
                "daily-polls": "file:",
                "eris": "^0.18.0"
            },
            "devDependencies": {
                "@types/node": "^22.13.10",
                "typescript": "^5.8.2"
            }
        },
        "node_modules/@types/luxon": {
            "version": "3.4.2",
            "resolved": "https://registry.npmjs.org/@types/luxon/-/luxon-3.4.2.tgz",
            "integrity": "sha512-TifLZlFudklWlMBfhubvgqTXRzLDI5pCbGa4P8a3wPyUQSW+1xQ5eDsreP9DWHX3tjq1ke96uYG/nwundroWcA=="
        },
        "node_modules/@types/node": {
            "version": "22.13.10",
            "resolved": "https://registry.npmjs.org/@types/node/-/node-22.13.10.tgz",
            "integrity": "sha512-I6LPUvlRH+O6VRUqYOcMudhaIdUVWfsjnZavnsraHvpBwaEyMN29ry+0UVJhImYL16xsscu0aske3yA+uPOWfw==",
            "dev": true,
            "dependencies": {
                "undici-types": "~6.20.0"
            }
        },
        "node_modules/cron": {
            "version": "4.1.0",
            "resolved": "https://registry.npmjs.org/cron/-/cron-4.1.0.tgz",
            "integrity": "sha512-wmcuXr2qP0UZStYgwruG6jC2AYSO9n5VMm2t93hmcEXEjWY3S2bsXe3sfGUrTs/uQ1AvRCrZ0Pp9Q032L/V9tw==",
            "dependencies": {
                "@types/luxon": "~3.4.0",
                "luxon": "~3.5.0"
            },
            "engines": {
                "node": ">=18.x"
            }
        },
        "node_modules/daily-polls": {
            "resolved": "",
            "link": true
        },
        "node_modules/eris": {
            "version": "0.18.0",
            "resolved": "https://registry.npmjs.org/eris/-/eris-0.18.0.tgz",
            "integrity": "sha512-zv2hjAfs4SYjR/EHUwBGNoKClctbqki1jPMed4SiQ4KKfafV1MIBLqKodQSGDgT9qkSUI5+MQ4EQW/8MkbAPkg==",
            "dependencies": {
                "ws": "^8.2.3"
            },
            "engines": {
                "node": ">=10.4.0"
            },
            "optionalDependencies": {
                "opusscript": "^0.0.8",
                "tweetnacl": "^1.0.3"
            }
        },
        "node_modules/luxon": {
            "version": "3.5.0",
            "resolved": "https://registry.npmjs.org/luxon/-/luxon-3.5.0.tgz",
            "integrity": "sha512-rh+Zjr6DNfUYR3bPwJEnuwDdqMbxZW7LOQfUN4B54+Cl+0o5zaU9RJ6bcidfDtC1cWCZXQ+nvX8bf6bAji37QQ==",
            "engines": {
                "node": ">=12"
            }
        },
        "node_modules/opusscript": {
            "version": "0.0.8",
            "resolved": "https://registry.npmjs.org/opusscript/-/opusscript-0.0.8.tgz",
            "integrity": "sha512-VSTi1aWFuCkRCVq+tx/BQ5q9fMnQ9pVZ3JU4UHKqTkf0ED3fKEPdr+gKAAl3IA2hj9rrP6iyq3hlcJq3HELtNQ==",
            "optional": true
        },
        "node_modules/tweetnacl": {
            "version": "1.0.3",
            "resolved": "https://registry.npmjs.org/tweetnacl/-/tweetnacl-1.0.3.tgz",
            "integrity": "sha512-6rt+RN7aOi1nGMyC4Xa5DdYiukl2UWCbcJft7YhxReBGQD7OAM8Pbxw6YMo4r2diNEA8FEmu32YOn9rhaiE5yw==",
            "optional": true
        },
        "node_modules/typescript": {
            "version": "5.8.2",
            "resolved": "https://registry.npmjs.org/typescript/-/typescript-5.8.2.tgz",
            "integrity": "sha512-aJn6wq13/afZp/jT9QZmwEjDqqvSGp1VT5GVg+f/t6/oVyrgXM6BY1h9BRh/O5p3PlUPAe+WuiEZOmb/49RqoQ==",
            "dev": true,
            "bin": {
                "tsc": "bin/tsc",
                "tsserver": "bin/tsserver"
            },
            "engines": {
                "node": ">=14.17"
            }
        },
        "node_modules/undici-types": {
            "version": "6.20.0",
            "resolved": "https://registry.npmjs.org/undici-types/-/undici-types-6.20.0.tgz",
            "integrity": "sha512-Ny6QZ2Nju20vw1SRHe3d9jVu6gJ+4e3+MMpqu7pqE5HT6WsTSlce++GQmK5UXS8mzV8DSYHrQH+Xrf2jVcuKNg==",
            "dev": true
        },
        "node_modules/ws": {
            "version": "8.18.1",
            "resolved": "https://registry.npmjs.org/ws/-/ws-8.18.1.tgz",
            "integrity": "sha512-RKW2aJZMXeMxVpnZ6bck+RswznaxmzdULiBr6KY7XkTnW8uvt0iT9H5DkHUChXrc+uurzwa0rVI16n/Xzjdz1w==",
            "engines": {
                "node": ">=10.0.0"
            },
            "peerDependencies": {
                "bufferutil": "^4.0.1",
                "utf-8-validate": ">=5.0.2"
            },
            "peerDependenciesMeta": {
                "bufferutil": {
                    "optional": true
                },
                "utf-8-validate": {
                    "optional": true
                }
            }
        }
    },
    "dependencies": {
        "@types/luxon": {
            "version": "3.4.2",
            "resolved": "https://registry.npmjs.org/@types/luxon/-/luxon-3.4.2.tgz",
            "integrity": "sha512-TifLZlFudklWlMBfhubvgqTXRzLDI5pCbGa4P8a3wPyUQSW+1xQ5eDsreP9DWHX3tjq1ke96uYG/nwundroWcA=="
        },
        "@types/node": {
            "version": "22.13.10",
            "resolved": "https://registry.npmjs.org/@types/node/-/node-22.13.10.tgz",
            "integrity": "sha512-I6LPUvlRH+O6VRUqYOcMudhaIdUVWfsjnZavnsraHvpBwaEyMN29ry+0UVJhImYL16xsscu0aske3yA+uPOWfw==",
            "dev": true,
            "requires": {
                "undici-types": "~6.20.0"
            }
        },
        "cron": {
            "version": "4.1.0",
            "resolved": "https://registry.npmjs.org/cron/-/cron-4.1.0.tgz",
            "integrity": "sha512-wmcuXr2qP0UZStYgwruG6jC2AYSO9n5VMm2t93hmcEXEjWY3S2bsXe3sfGUrTs/uQ1AvRCrZ0Pp9Q032L/V9tw==",
            "requires": {
                "@types/luxon": "~3.4.0",
                "luxon": "~3.5.0"
            }
        },
        "daily-polls": {
            "version": "file:",
            "requires": {
                "@types/node": "^22.13.10",
                "cron": "^4.1.0",
                "daily-polls": "file:",
                "eris": "^0.18.0",
                "typescript": "^5.8.2"
            },
            "dependencies": {
                "@types/luxon": {
                    "version": "3.4.2",
                    "resolved": "https://registry.npmjs.org/@types/luxon/-/luxon-3.4.2.tgz",
                    "integrity": "sha512-TifLZlFudklWlMBfhubvgqTXRzLDI5pCbGa4P8a3wPyUQSW+1xQ5eDsreP9DWHX3tjq1ke96uYG/nwundroWcA=="
                },
                "@types/node": {
                    "version": "22.13.10",
                    "resolved": "https://registry.npmjs.org/@types/node/-/node-22.13.10.tgz",
                    "integrity": "sha512-I6LPUvlRH+O6VRUqYOcMudhaIdUVWfsjnZavnsraHvpBwaEyMN29ry+0UVJhImYL16xsscu0aske3yA+uPOWfw==",
                    "dev": true,
                    "requires": {
                        "undici-types": "~6.20.0"
                    }
                },
                "cron": {
                    "version": "4.1.0",
                    "resolved": "https://registry.npmjs.org/cron/-/cron-4.1.0.tgz",
                    "integrity": "sha512-wmcuXr2qP0UZStYgwruG6jC2AYSO9n5VMm2t93hmcEXEjWY3S2bsXe3sfGUrTs/uQ1AvRCrZ0Pp9Q032L/V9tw==",
                    "requires": {
                        "@types/luxon": "~3.4.0",
                        "luxon": "~3.5.0"
                    }
                },
                "eris": {
                    "version": "0.18.0",
                    "resolved": "https://registry.npmjs.org/eris/-/eris-0.18.0.tgz",
                    "integrity": "sha512-zv2hjAfs4SYjR/EHUwBGNoKClctbqki1jPMed4SiQ4KKfafV1MIBLqKodQSGDgT9qkSUI5+MQ4EQW/8MkbAPkg==",
                    "requires": {
                        "opusscript": "^0.0.8",
                        "tweetnacl": "^1.0.3",
                        "ws": "^8.2.3"
                    }
                },
                "luxon": {
                    "version": "3.5.0",
                    "resolved": "https://registry.npmjs.org/luxon/-/luxon-3.5.0.tgz",
                    "integrity": "sha512-rh+Zjr6DNfUYR3bPwJEnuwDdqMbxZW7LOQfUN4B54+Cl+0o5zaU9RJ6bcidfDtC1cWCZXQ+nvX8bf6bAji37QQ=="
                },
                "opusscript": {
                    "version": "0.0.8",
                    "resolved": "https://registry.npmjs.org/opusscript/-/opusscript-0.0.8.tgz",
                    "integrity": "sha512-VSTi1aWFuCkRCVq+tx/BQ5q9fMnQ9pVZ3JU4UHKqTkf0ED3fKEPdr+gKAAl3IA2hj9rrP6iyq3hlcJq3HELtNQ==",
                    "optional": true
                },
                "tweetnacl": {
                    "version": "1.0.3",
                    "resolved": "https://registry.npmjs.org/tweetnacl/-/tweetnacl-1.0.3.tgz",
                    "integrity": "sha512-6rt+RN7aOi1nGMyC4Xa5DdYiukl2UWCbcJft7YhxReBGQD7OAM8Pbxw6YMo4r2diNEA8FEmu32YOn9rhaiE5yw==",
                    "optional": true
                },
                "typescript": {
                    "version": "5.8.2",
                    "resolved": "https://registry.npmjs.org/typescript/-/typescript-5.8.2.tgz",
                    "integrity": "sha512-aJn6wq13/afZp/jT9QZmwEjDqqvSGp1VT5GVg+f/t6/oVyrgXM6BY1h9BRh/O5p3PlUPAe+WuiEZOmb/49RqoQ==",
                    "dev": true
                },
                "undici-types": {
                    "version": "6.20.0",
                    "resolved": "https://registry.npmjs.org/undici-types/-/undici-types-6.20.0.tgz",
                    "integrity": "sha512-Ny6QZ2Nju20vw1SRHe3d9jVu6gJ+4e3+MMpqu7pqE5HT6WsTSlce++GQmK5UXS8mzV8DSYHrQH+Xrf2jVcuKNg==",
                    "dev": true
                },
                "ws": {
                    "version": "8.18.1",
                    "resolved": "https://registry.npmjs.org/ws/-/ws-8.18.1.tgz",
                    "integrity": "sha512-RKW2aJZMXeMxVpnZ6bck+RswznaxmzdULiBr6KY7XkTnW8uvt0iT9H5DkHUChXrc+uurzwa0rVI16n/Xzjdz1w==",
                    "requires": {}
                }
            }
        },
        "eris": {
            "version": "0.18.0",
            "resolved": "https://registry.npmjs.org/eris/-/eris-0.18.0.tgz",
            "integrity": "sha512-zv2hjAfs4SYjR/EHUwBGNoKClctbqki1jPMed4SiQ4KKfafV1MIBLqKodQSGDgT9qkSUI5+MQ4EQW/8MkbAPkg==",
            "requires": {
                "opusscript": "^0.0.8",
                "tweetnacl": "^1.0.3",
                "ws": "^8.2.3"
            }
        },
        "luxon": {
            "version": "3.5.0",
            "resolved": "https://registry.npmjs.org/luxon/-/luxon-3.5.0.tgz",
            "integrity": "sha512-rh+Zjr6DNfUYR3bPwJEnuwDdqMbxZW7LOQfUN4B54+Cl+0o5zaU9RJ6bcidfDtC1cWCZXQ+nvX8bf6bAji37QQ=="
        },
        "opusscript": {
            "version": "0.0.8",
            "resolved": "https://registry.npmjs.org/opusscript/-/opusscript-0.0.8.tgz",
            "integrity": "sha512-VSTi1aWFuCkRCVq+tx/BQ5q9fMnQ9pVZ3JU4UHKqTkf0ED3fKEPdr+gKAAl3IA2hj9rrP6iyq3hlcJq3HELtNQ==",
            "optional": true
        },
        "tweetnacl": {
            "version": "1.0.3",
            "resolved": "https://registry.npmjs.org/tweetnacl/-/tweetnacl-1.0.3.tgz",
            "integrity": "sha512-6rt+RN7aOi1nGMyC4Xa5DdYiukl2UWCbcJft7YhxReBGQD7OAM8Pbxw6YMo4r2diNEA8FEmu32YOn9rhaiE5yw==",
            "optional": true
        },
        "typescript": {
            "version": "5.8.2",
            "resolved": "https://registry.npmjs.org/typescript/-/typescript-5.8.2.tgz",
            "integrity": "sha512-aJn6wq13/afZp/jT9QZmwEjDqqvSGp1VT5GVg+f/t6/oVyrgXM6BY1h9BRh/O5p3PlUPAe+WuiEZOmb/49RqoQ==",
            "dev": true
        },
        "undici-types": {
            "version": "6.20.0",
            "resolved": "https://registry.npmjs.org/undici-types/-/undici-types-6.20.0.tgz",
            "integrity": "sha512-Ny6QZ2Nju20vw1SRHe3d9jVu6gJ+4e3+MMpqu7pqE5HT6WsTSlce++GQmK5UXS8mzV8DSYHrQH+Xrf2jVcuKNg==",
            "dev": true
        },
        "ws": {
            "version": "8.18.1",
            "resolved": "https://registry.npmjs.org/ws/-/ws-8.18.1.tgz",
            "integrity": "sha512-RKW2aJZMXeMxVpnZ6bck+RswznaxmzdULiBr6KY7XkTnW8uvt0iT9H5DkHUChXrc+uurzwa0rVI16n/Xzjdz1w==",
            "requires": {}
        }
    }
}
